# This file is automatically @generated by Cargo.
# It is not intended for manual editing.
version = 4

[[package]]
name = "aoc2025"
version = "0.1.0"
dependencies = [
 "combination",
 "range-ext",
]

[[package]]
name = "combination"
version = "0.2.2"
source = "registry+https://github.com/rust-lang/crates.io-index"
checksum = "1b716816c51b753f4808fe5ae61d2886fe5a815140ad34490b16f004c8a492f7"

[[package]]
name = "range-ext"
version = "0.3.0"
source = "registry+https://github.com/rust-lang/crates.io-index"
checksum = "8ef928f61c6999ac5f35fe4cbba7ba0b70040d4089d63fc7416e50802d6c0872"
